// !$*UTF8*$!
{
	archiveVersion = 1;
	classes = {
	};
	objectVersion = 55;
	objects = {

/* Begin PBXBuildFile section */
		BA000181286334C300EAC595 /* buttonWelcomScreen.swift in Sources */ = {isa = PBXBuildFile; fileRef = BA000180286334C300EAC595 /* buttonWelcomScreen.swift */; };
		BADC8B8A286234BA00CCF60D /* AppDelegate.swift in Sources */ = {isa = PBXBuildFile; fileRef = BADC8B89286234BA00CCF60D /* AppDelegate.swift */; };
		BADC8B8C286234BA00CCF60D /* SceneDelegate.swift in Sources */ = {isa = PBXBuildFile; fileRef = BADC8B8B286234BA00CCF60D /* SceneDelegate.swift */; };
		BADC8B8E286234BA00CCF60D /* ViewController.swift in Sources */ = {isa = PBXBuildFile; fileRef = BADC8B8D286234BA00CCF60D /* ViewController.swift */; };
		BADC8B91286234BA00CCF60D /* Main.storyboard in Resources */ = {isa = PBXBuildFile; fileRef = BADC8B8F286234BA00CCF60D /* Main.storyboard */; };
		BADC8B93286234BF00CCF60D /* Assets.xcassets in Resources */ = {isa = PBXBuildFile; fileRef = BADC8B92286234BF00CCF60D /* Assets.xcassets */; };
		BADC8B96286234BF00CCF60D /* LaunchScreen.storyboard in Resources */ = {isa = PBXBuildFile; fileRef = BADC8B94286234BF00CCF60D /* LaunchScreen.storyboard */; };
/* End PBXBuildFile section */

/* Begin PBXFileReference section */
		BA000180286334C300EAC595 /* buttonWelcomScreen.swift */ = {isa = PBXFileReference; lastKnownFileType = sourcecode.swift; path = buttonWelcomScreen.swift; sourceTree = "<group>"; };
		BADC8B86286234BA00CCF60D /* FollowAlong.app */ = {isa = PBXFileReference; explicitFileType = wrapper.application; includeInIndex = 0; path = FollowAlong.app; sourceTree = BUILT_PRODUCTS_DIR; };
		BADC8B89286234BA00CCF60D /* AppDelegate.swift */ = {isa = PBXFileReference; lastKnownFileType = sourcecode.swift; path = AppDelegate.swift; sourceTree = "<group>"; };
		BADC8B8B286234BA00CCF60D /* SceneDelegate.swift */ = {isa = PBXFileReference; lastKnownFileType = sourcecode.swift; path = SceneDelegate.swift; sourceTree = "<group>"; };
		BADC8B8D286234BA00CCF60D /* ViewController.swift */ = {isa = PBXFileReference; lastKnownFileType = sourcecode.swift; path = ViewController.swift; sourceTree = "<group>"; };
		BADC8B90286234BA00CCF60D /* Base */ = {isa = PBXFileReference; lastKnownFileType = file.storyboard; name = Base; path = Base.lproj/Main.storyboard; sourceTree = "<group>"; };
		BADC8B92286234BF00CCF60D /* Assets.xcassets */ = {isa = PBXFileReference; lastKnownFileType = folder.assetcatalog; path = Assets.xcassets; sourceTree = "<group>"; };
		BADC8B95286234BF00CCF60D /* Base */ = {isa = PBXFileReference; lastKnownFileType = file.storyboard; name = Base; path = Base.lproj/LaunchScreen.storyboard; sourceTree = "<group>"; };
		BADC8B97286234BF00CCF60D /* Info.plist */ = {isa = PBXFileReference; lastKnownFileType = text.plist.xml; path = Info.plist; sourceTree = "<group>"; };
/* End PBXFileReference section */

/* Begin PBXFrameworksBuildPhase section */
		BADC8B83286234BA00CCF60D /* Frameworks */ = {
			isa = PBXFrameworksBuildPhase;
			buildActionMask = 2147483647;
			files = (
			);
			runOnlyForDeploymentPostprocessing = 0;
		};
/* End PBXFrameworksBuildPhase section */

/* Begin PBXGroup section */
		BA00017F2863348B00EAC595 /* views */ = {
			isa = PBXGroup;
			children = (
				BA000180286334C300EAC595 /* buttonWelcomScreen.swift */,
			);
			path = views;
			sourceTree = "<group>";
		};
		BADC8B7D286234BA00CCF60D = {
			isa = PBXGroup;
			children = (
				BADC8B88286234BA00CCF60D /* FollowAlong */,
				BADC8B87286234BA00CCF60D /* Products */,
			);
			sourceTree = "<group>";
		};
		BADC8B87286234BA00CCF60D /* Products */ = {
			isa = PBXGroup;
			children = (
				BADC8B86286234BA00CCF60D /* FollowAlong.app */,
			);
			name = Products;
			sourceTree = "<group>";
		};
		BADC8B88286234BA00CCF60D /* FollowAlong */ = {
			isa = PBXGroup;
			children = (
				BA00017F2863348B00EAC595 /* views */,
				BADC8B89286234BA00CCF60D /* AppDelegate.swift */,
				BADC8B8B286234BA00CCF60D /* SceneDelegate.swift */,
				BADC8B8D286234BA00CCF60D /* ViewController.swift */,
				BADC8B8F286234BA00CCF60D /* Main.storyboard */,
				BADC8B92286234BF00CCF60D /* Assets.xcassets */,
				BADC8B94286234BF00CCF60D /* LaunchScreen.storyboard */,
				BADC8B97286234BF00CCF60D /* Info.plist */,
			);
			path = FollowAlong;
			sourceTree = "<group>";
		};
/* End PBXGroup section */

/* Begin PBXNativeTarget section */
		BADC8B85286234BA00CCF60D /* FollowAlong */ = {
			isa = PBXNativeTarget;
			buildConfigurationList = BADC8B9A286234BF00CCF60D /* Build configuration list for PBXNativeTarget "FollowAlong" */;
			buildPhases = (
				BADC8B82286234BA00CCF60D /* Sources */,
				BADC8B83286234BA00CCF60D /* Frameworks */,
				BADC8B84286234BA00CCF60D /* Resources */,
			);
			buildRules = (
			);
			dependencies = (
			);
			name = FollowAlong;
			productName = FollowAlong;
			productReference = BADC8B86286234BA00CCF60D /* FollowAlong.app */;
			productType = "com.apple.product-type.application";
		};
/* End PBXNativeTarget section */

/* Begin PBXProject section */
		BADC8B7E286234BA00CCF60D /* Project object */ = {
			isa = PBXProject;
			attributes = {
				BuildIndependentTargetsInParallel = 1;
				LastSwiftUpdateCheck = 1340;
				LastUpgradeCheck = 1340;
				TargetAttributes = {
					BADC8B85286234BA00CCF60D = {
						CreatedOnToolsVersion = 13.4.1;
					};
				};
			};
			buildConfigurationList = BADC8B81286234BA00CCF60D /* Build configuration list for PBXProject "FollowAlong" */;
			compatibilityVersion = "Xcode 13.0";
			developmentRegion = en;
			hasScannedForEncodings = 0;
			knownRegions = (
				en,
				Base,
			);
			mainGroup = BADC8B7D286234BA00CCF60D;
			productRefGroup = BADC8B87286234BA00CCF60D /* Products */;
			projectDirPath = "";
			projectRoot = "";
			targets = (
				BADC8B85286234BA00CCF60D /* FollowAlong */,
			);
		};
/* End PBXProject section */

/* Begin PBXResourcesBuildPhase section */
		BADC8B84286234BA00CCF60D /* Resources */ = {
			isa = PBXResourcesBuildPhase;
			buildActionMask = 2147483647;
			files = (
				BADC8B96286234BF00CCF60D /* LaunchScreen.storyboard in Resources */,
				BADC8B93286234BF00CCF60D /* Assets.xcassets in Resources */,
				BADC8B91286234BA00CCF60D /* Main.storyboard in Resources */,
			);
			runOnlyForDeploymentPostprocessing = 0;
		};
/* End PBXResourcesBuildPhase section */

/* Begin PBXSourcesBuildPhase section */
		BADC8B82286234BA00CCF60D /* Sources */ = {
			isa = PBXSourcesBuildPhase;
			buildActionMask = 2147483647;
			files = (
				BADC8B8E286234BA00CCF60D /* ViewController.swift in Sources */,
				BADC8B8A286234BA00CCF60D /* AppDelegate.swift in Sources */,
				BA000181286334C300EAC595 /* buttonWelcomScreen.swift in Sources */,
				BADC8B8C286234BA00CCF60D /* SceneDelegate.swift in Sources */,
			);
			runOnlyForDeploymentPostprocessing = 0;
		};
/* End PBXSourcesBuildPhase section */

/* Begin PBXVariantGroup section */
		BADC8B8F286234BA00CCF60D /* Main.storyboard */ = {
			isa = PBXVariantGroup;
			children = (
				BADC8B90286234BA00CCF60D /* Base */,
			);
			name = Main.storyboard;
			sourceTree = "<group>";
		};
		BADC8B94286234BF00CCF60D /* LaunchScreen.storyboard */ = {
			isa = PBXVariantGroup;
			children = (
				BADC8B95286234BF00CCF60D /* Base */,
			);
			name = LaunchScreen.storyboard;
			sourceTree = "<group>";
		};
/* End PBXVariantGroup section */

/* Begin XCBuildConfiguration section */
		BADC8B98286234BF00CCF60D /* Debug */ = {
			isa = XCBuildConfiguration;
			buildSettings = {
				ALWAYS_SEARCH_USER_PATHS = NO;
				CLANG_ANALYZER_NONNULL = YES;
				CLANG_ANALYZER_NUMBER_OBJECT_CONVERSION = YES_AGGRESSIVE;
				CLANG_CXX_LANGUAGE_STANDARD = "gnu++17";
				CLANG_ENABLE_MODULES = YES;
				CLANG_ENABLE_OBJC_ARC = YES;
				CLANG_ENABLE_OBJC_WEAK = YES;
				CLANG_WARN_BLOCK_CAPTURE_AUTORELEASING = YES;
				CLANG_WARN_BOOL_CONVERSION = YES;
				CLANG_WARN_COMMA = YES;
				CLANG_WARN_CONSTANT_CONVERSION = YES;
				CLANG_WARN_DEPRECATED_OBJC_IMPLEMENTATIONS = YES;
				CLANG_WARN_DIRECT_OBJC_ISA_USAGE = YES_ERROR;
				CLANG_WARN_DOCUMENTATION_COMMENTS = YES;
				CLANG_WARN_EMPTY_BODY = YES;
				CLANG_WARN_ENUM_CONVERSION = YES;
				CLANG_WARN_INFINITE_RECURSION = YES;
				CLANG_WARN_INT_CONVERSION = YES;
				CLANG_WARN_NON_LITERAL_NULL_CONVERSION = YES;
				CLANG_WARN_OBJC_IMPLICIT_RETAIN_SELF = YES;
				CLANG_WARN_OBJC_LITERAL_CONVERSION = YES;
				CLANG_WARN_OBJC_ROOT_CLASS = YES_ERROR;
				CLANG_WARN_QUOTED_INCLUDE_IN_FRAMEWORK_HEADER = YES;
				CLANG_WARN_RANGE_LOOP_ANALYSIS = YES;
				CLANG_WARN_STRICT_PROTOTYPES = YES;
				CLANG_WARN_SUSPICIOUS_MOVE = YES;
				CLANG_WARN_UNGUARDED_AVAILABILITY = YES_AGGRESSIVE;
				CLANG_WARN_UNREACHABLE_CODE = YES;
				CLANG_WARN__DUPLICATE_METHOD_MATCH = YES;
				COPY_PHASE_STRIP = NO;
				DEBUG_INFORMATION_FORMAT = dwarf;
				ENABLE_STRICT_OBJC_MSGSEND = YES;
				ENABLE_TESTABILITY = YES;
				GCC_C_LANGUAGE_STANDARD = gnu11;
				GCC_DYNAMIC_NO_PIC = NO;
				GCC_NO_COMMON_BLOCKS = YES;
				GCC_OPTIMIZATION_LEVEL = 0;
				GCC_PREPROCESSOR_DEFINITIONS = (
					"DEBUG=1",
					"$(inherited)",
				);
				GCC_WARN_64_TO_32_BIT_CONVERSION = YES;
				GCC_WARN_ABOUT_RETURN_TYPE = YES_ERROR;
				GCC_WARN_UNDECLARED_SELECTOR = YES;
				GCC_WARN_UNINITIALIZED_AUTOS = YES_AGGRESSIVE;
				GCC_WARN_UNUSED_FUNCTION = YES;
				GCC_WARN_UNUSED_VARIABLE = YES;
				IPHONEOS_DEPLOYMENT_TARGET = 15.5;
				MTL_ENABLE_DEBUG_INFO = INCLUDE_SOURCE;
				MTL_FAST_MATH = YES;
				ONLY_ACTIVE_ARCH = YES;
				SDKROOT = iphoneos;
				SWIFT_ACTIVE_COMPILATION_CONDITIONS = DEBUG;
				SWIFT_OPTIMIZATION_LEVEL = "-Onone";
			};
			name = Debug;
		};
		BADC8B99286234BF00CCF60D /* Release */ = {
			isa = XCBuildConfiguration;
			buildSettings = {
				ALWAYS_SEARCH_USER_PATHS = NO;
				CLANG_ANALYZER_NONNULL = YES;
				CLANG_ANALYZER_NUMBER_OBJECT_CONVERSION = YES_AGGRESSIVE;
				CLANG_CXX_LANGUAGE_STANDARD = "gnu++17";
				CLANG_ENABLE_MODULES = YES;
				CLANG_ENABLE_OBJC_ARC = YES;
				CLANG_ENABLE_OBJC_WEAK = YES;
				CLANG_WARN_BLOCK_CAPTURE_AUTORELEASING = YES;
				CLANG_WARN_BOOL_CONVERSION = YES;
				CLANG_WARN_COMMA = YES;
				CLANG_WARN_CONSTANT_CONVERSION = YES;
				CLANG_WARN_DEPRECATED_OBJC_IMPLEMENTATIONS = YES;
				CLANG_WARN_DIRECT_OBJC_ISA_USAGE = YES_ERROR;
				CLANG_WARN_DOCUMENTATION_COMMENTS = YES;
				CLANG_WARN_EMPTY_BODY = YES;
				CLANG_WARN_ENUM_CONVERSION = YES;
				CLANG_WARN_INFINITE_RECURSION = YES;
				CLANG_WARN_INT_CONVERSION = YES;
				CLANG_WARN_NON_LITERAL_NULL_CONVERSION = YES;
				CLANG_WARN_OBJC_IMPLICIT_RETAIN_SELF = YES;
				CLANG_WARN_OBJC_LITERAL_CONVERSION = YES;
				CLANG_WARN_OBJC_ROOT_CLASS = YES_ERROR;
				CLANG_WARN_QUOTED_INCLUDE_IN_FRAMEWORK_HEADER = YES;
				CLANG_WARN_RANGE_LOOP_ANALYSIS = YES;
				CLANG_WARN_STRICT_PROTOTYPES = YES;
				CLANG_WARN_SUSPICIOUS_MOVE = YES;
				CLANG_WARN_UNGUARDED_AVAILABILITY = YES_AGGRESSIVE;
				CLANG_WARN_UNREACHABLE_CODE = YES;
				CLANG_WARN__DUPLICATE_METHOD_MATCH = YES;
				COPY_PHASE_STRIP = NO;
				DEBUG_INFORMATION_FORMAT = "dwarf-with-dsym";
				ENABLE_NS_ASSERTIONS = NO;
				ENABLE_STRICT_OBJC_MSGSEND = YES;
				GCC_C_LANGUAGE_STANDARD = gnu11;
				GCC_NO_COMMON_BLOCKS = YES;
				GCC_WARN_64_TO_32_BIT_CONVERSION = YES;
				GCC_WARN_ABOUT_RETURN_TYPE = YES_ERROR;
				GCC_WARN_UNDECLARED_SELECTOR = YES;
				GCC_WARN_UNINITIALIZED_AUTOS = YES_AGGRESSIVE;
				GCC_WARN_UNUSED_FUNCTION = YES;
				GCC_WARN_UNUSED_VARIABLE = YES;
				IPHONEOS_DEPLOYMENT_TARGET = 15.5;
				MTL_ENABLE_DEBUG_INFO = NO;
				MTL_FAST_MATH = YES;
				SDKROOT = iphoneos;
				SWIFT_COMPILATION_MODE = wholemodule;
				SWIFT_OPTIMIZATION_LEVEL = "-O";
				VALIDATE_PRODUCT = YES;
			};
			name = Release;
		};
		BADC8B9B286234BF00CCF60D /* Debug */ = {
			isa = XCBuildConfiguration;
			buildSettings = {
				ASSETCATALOG_COMPILER_APPICON_NAME = AppIcon;
				ASSETCATALOG_COMPILER_GLOBAL_ACCENT_COLOR_NAME = AccentColor;
				CODE_SIGN_STYLE = Automatic;
				CURRENT_PROJECT_VERSION = 1;
				GENERATE_INFOPLIST_FILE = YES;
				INFOPLIST_FILE = FollowAlong/Info.plist;
				INFOPLIST_KEY_UIApplicationSupportsIndirectInputEvents = YES;
				INFOPLIST_KEY_UILaunchStoryboardName = LaunchScreen;
				INFOPLIST_KEY_UIMainStoryboardFile = Main;
				INFOPLIST_KEY_UISupportedInterfaceOrientations_iPad = "UIInterfaceOrientationPortrait UIInterfaceOrientationPortraitUpsideDown UIInterfaceOrientationLandscapeLeft UIInterfaceOrientationLandscapeRight";
				INFOPLIST_KEY_UISupportedInterfaceOrientations_iPhone = "UIInterfaceOrientationPortrait UIInterfaceOrientationLandscapeLeft UIInterfaceOrientationLandscapeRight";
				LD_RUNPATH_SEARCH_PATHS = (
					"$(inherited)",
					"@executable_path/Frameworks",
				);
				MARKETING_VERSION = 1.0;
				PRODUCT_BUNDLE_IDENTIFIER = jenny.shalai.nyc.FollowAlong;
				PRODUCT_NAME = "$(TARGET_NAME)";
				SWIFT_EMIT_LOC_STRINGS = YES;
				SWIFT_VERSION = 5.0;
				TARGETED_DEVICE_FAMILY = "1,2";
			};
			name = Debug;
		};
		BADC8B9C286234BF00CCF60D /* Release */ = {
			isa = XCBuildConfiguration;
			buildSettings = {
				ASSETCATALOG_COMPILER_APPICON_NAME = AppIcon;
				ASSETCATALOG_COMPILER_GLOBAL_ACCENT_COLOR_NAME = AccentColor;
				CODE_SIGN_STYLE = Automatic;
				CURRENT_PROJECT_VERSION = 1;
				GENERATE_INFOPLIST_FILE = YES;
				INFOPLIST_FILE = FollowAlong/Info.plist;
				INFOPLIST_KEY_UIApplicationSupportsIndirectInputEvents = YES;
				INFOPLIST_KEY_UILaunchStoryboardName = LaunchScreen;
				INFOPLIST_KEY_UIMainStoryboardFile = Main;
				INFOPLIST_KEY_UISupportedInterfaceOrientations_iPad = "UIInterfaceOrientationPortrait UIInterfaceOrientationPortraitUpsideDown UIInterfaceOrientationLandscapeLeft UIInterfaceOrientationLandscapeRight";
				INFOPLIST_KEY_UISupportedInterfaceOrientations_iPhone = "UIInterfaceOrientationPortrait UIInterfaceOrientationLandscapeLeft UIInterfaceOrientationLandscapeRight";
				LD_RUNPATH_SEARCH_PATHS = (
					"$(inherited)",
					"@executable_path/Frameworks",
				);
				MARKETING_VERSION = 1.0;
				PRODUCT_BUNDLE_IDENTIFIER = jenny.shalai.nyc.FollowAlong;
				PRODUCT_NAME = "$(TARGET_NAME)";
				SWIFT_EMIT_LOC_STRINGS = YES;
				SWIFT_VERSION = 5.0;
				TARGETED_DEVICE_FAMILY = "1,2";
			};
			name = Release;
		};
/* End XCBuildConfiguration section */

/* Begin XCConfigurationList section */
		BADC8B81286234BA00CCF60D /* Build configuration list for PBXProject "FollowAlong" */ = {
			isa = XCConfigurationList;
			buildConfigurations = (
				BADC8B98286234BF00CCF60D /* Debug */,
				BADC8B99286234BF00CCF60D /* Release */,
			);
			defaultConfigurationIsVisible = 0;
			defaultConfigurationName = Release;
		};
		BADC8B9A286234BF00CCF60D /* Build configuration list for PBXNativeTarget "FollowAlong" */ = {
			isa = XCConfigurationList;
			buildConfigurations = (
				BADC8B9B286234BF00CCF60D /* Debug */,
				BADC8B9C286234BF00CCF60D /* Release */,
			);
			defaultConfigurationIsVisible = 0;
			defaultConfigurationName = Release;
		};
/* End XCConfigurationList section */
	};
	rootObject = BADC8B7E286234BA00CCF60D /* Project object */;
}
